PODS:
  - Alamofire (5.5.0)
  - AppAuth (1.4.0):
    - AppAuth/Core (= 1.4.0)
    - AppAuth/ExternalUserAgent (= 1.4.0)
  - AppAuth/Core (1.4.0)
  - AppAuth/ExternalUserAgent (1.4.0)
  - boost (1.76.0)
  - BVLinearGradient (2.5.6):
    - React
  - DoubleConversion (1.1.6)
  - FBLazyVector (0.66.3)
  - FBReactNativeSpec (0.66.3):
    - RCT-Folly (= 2021.06.28.00-v2)
    - RCTRequired (= 0.66.3)
    - RCTTypeSafety (= 0.66.3)
    - React-Core (= 0.66.3)
    - React-jsi (= 0.66.3)
    - ReactCommon/turbomodule/core (= 0.66.3)
  - Firebase/CoreOnly (8.11.0):
    - FirebaseCore (= 8.11.0)
  - Firebase/DynamicLinks (8.11.0):
    - Firebase/CoreOnly
    - FirebaseDynamicLinks (~> 8.11.0)
  - Firebase/Messaging (8.11.0):
    - Firebase/CoreOnly
    - FirebaseMessaging (~> 8.11.0)
  - FirebaseCore (8.11.0):
    - FirebaseCoreDiagnostics (~> 8.0)
    - GoogleUtilities/Environment (~> 7.7)
    - GoogleUtilities/Logger (~> 7.7)
  - FirebaseCoreDiagnostics (8.12.0):
    - GoogleDataTransport (~> 9.1)
    - GoogleUtilities/Environment (~> 7.7)
    - GoogleUtilities/Logger (~> 7.7)
    - nanopb (~> 2.30908.0)
  - FirebaseDynamicLinks (8.11.0):
    - FirebaseCore (~> 8.0)
  - FirebaseInstallations (8.12.0):
    - FirebaseCore (~> 8.0)
    - GoogleUtilities/Environment (~> 7.7)
    - GoogleUtilities/UserDefaults (~> 7.7)
    - PromisesObjC (< 3.0, >= 1.2)
  - FirebaseMessaging (8.11.0):
    - FirebaseCore (~> 8.0)
    - FirebaseInstallations (~> 8.0)
    - GoogleDataTransport (~> 9.1)
    - GoogleUtilities/AppDelegateSwizzler (~> 7.7)
    - GoogleUtilities/Environment (~> 7.7)
    - GoogleUtilities/Reachability (~> 7.7)
    - GoogleUtilities/UserDefaults (~> 7.7)
    - nanopb (~> 2.30908.0)
  - fmt (6.2.1)
  - glog (0.3.5)
  - GoogleDataTransport (9.1.2):
    - GoogleUtilities/Environment (~> 7.2)
    - nanopb (~> 2.30908.0)
    - PromisesObjC (< 3.0, >= 1.2)
  - GoogleSignIn (6.0.2):
    - AppAuth (~> 1.4)
    - GTMAppAuth (~> 1.0)
    - GTMSessionFetcher/Core (~> 1.1)
  - GoogleUtilities/AppDelegateSwizzler (7.7.0):
    - GoogleUtilities/Environment
    - GoogleUtilities/Logger
    - GoogleUtilities/Network
  - GoogleUtilities/Environment (7.7.0):
    - PromisesObjC (< 3.0, >= 1.2)
  - GoogleUtilities/Logger (7.7.0):
    - GoogleUtilities/Environment
  - GoogleUtilities/Network (7.7.0):
    - GoogleUtilities/Logger
    - "GoogleUtilities/NSData+zlib"
    - GoogleUtilities/Reachability
  - "GoogleUtilities/NSData+zlib (7.7.0)"
  - GoogleUtilities/Reachability (7.7.0):
    - GoogleUtilities/Logger
  - GoogleUtilities/UserDefaults (7.7.0):
    - GoogleUtilities/Logger
  - GTMAppAuth (1.2.2):
    - AppAuth/Core (~> 1.4)
    - GTMSessionFetcher/Core (~> 1.5)
  - GTMSessionFetcher/Core (1.7.0)
  - iamport-react-native (2.0.0-rc.1):
    - React-Core
  - kakao-login (3.4.2):
    - KakaoSDK (~> 2.4.0)
    - KakaoSDKAuth (~> 2.4.0)
    - KakaoSDKCommon (~> 2.4.0)
    - KakaoSDKTalk (~> 2.4.0)
    - KakaoSDKUser (~> 2.4.0)
    - React
  - KakaoSDK (2.4.1):
    - KakaoSDKAuth (= 2.4.1)
    - KakaoSDKCommon (= 2.4.1)
    - KakaoSDKLink (= 2.4.1)
    - KakaoSDKNavi (= 2.4.1)
    - KakaoSDKStory (= 2.4.1)
    - KakaoSDKTalk (= 2.4.1)
    - KakaoSDKTemplate (= 2.4.1)
    - KakaoSDKUser (= 2.4.1)
  - KakaoSDKAuth (2.4.1):
    - KakaoSDKCommon (= 2.4.1)
  - KakaoSDKCommon (2.4.1):
    - KakaoSDKCommon/Common (= 2.4.1)
    - KakaoSDKCommon/Network (= 2.4.1)
  - KakaoSDKCommon/Common (2.4.1)
  - KakaoSDKCommon/Network (2.4.1):
    - Alamofire (~> 5.1)
    - KakaoSDKCommon/Common (= 2.4.1)
  - KakaoSDKLink (2.4.1):
    - KakaoSDKCommon (= 2.4.1)
    - KakaoSDKTemplate (= 2.4.1)
  - KakaoSDKNavi (2.4.1):
    - KakaoSDKCommon/Common (= 2.4.1)
  - KakaoSDKStory (2.4.1):
    - KakaoSDKAuth (= 2.4.1)
    - KakaoSDKCommon (= 2.4.1)
  - KakaoSDKTalk (2.4.1):
    - KakaoSDKAuth (= 2.4.1)
    - KakaoSDKCommon (= 2.4.1)
    - KakaoSDKTemplate (= 2.4.1)
  - KakaoSDKTemplate (2.4.1):
    - KakaoSDKCommon/Common (= 2.4.1)
  - KakaoSDKUser (2.4.1):
    - KakaoSDKAuth (= 2.4.1)
    - KakaoSDKCommon (= 2.4.1)
  - libwebp (1.2.1):
    - libwebp/demux (= 1.2.1)
    - libwebp/mux (= 1.2.1)
    - libwebp/webp (= 1.2.1)
  - libwebp/demux (1.2.1):
    - libwebp/webp
  - libwebp/mux (1.2.1):
    - libwebp/demux
  - libwebp/webp (1.2.1)
  - nanopb (2.30908.0):
    - nanopb/decode (= 2.30908.0)
    - nanopb/encode (= 2.30908.0)
  - nanopb/decode (2.30908.0)
  - nanopb/encode (2.30908.0)
  - naveridlogin-sdk-ios (4.1.3)
  - Permission-Camera (3.2.0):
    - RNPermissions
  - Permission-LocationAccuracy (3.2.0):
    - RNPermissions
  - Permission-LocationAlways (3.2.0):
    - RNPermissions
  - Permission-LocationWhenInUse (3.2.0):
    - RNPermissions
  - Permission-MediaLibrary (3.2.0):
    - RNPermissions
  - Permission-Notifications (3.2.0):
    - RNPermissions
  - Permission-PhotoLibrary (3.2.0):
    - RNPermissions
  - PromisesObjC (2.0.0)
  - RCT-Folly (2021.06.28.00-v2):
    - boost
    - DoubleConversion
    - fmt (~> 6.2.1)
    - glog
    - RCT-Folly/Default (= 2021.06.28.00-v2)
  - RCT-Folly/Default (2021.06.28.00-v2):
    - boost
    - DoubleConversion
    - fmt (~> 6.2.1)
    - glog
  - RCTRequired (0.66.3)
  - RCTTypeSafety (0.66.3):
    - FBLazyVector (= 0.66.3)
    - RCT-Folly (= 2021.06.28.00-v2)
    - RCTRequired (= 0.66.3)
    - React-Core (= 0.66.3)
  - React (0.66.3):
    - React-Core (= 0.66.3)
    - React-Core/DevSupport (= 0.66.3)
    - React-Core/RCTWebSocket (= 0.66.3)
    - React-RCTActionSheet (= 0.66.3)
    - React-RCTAnimation (= 0.66.3)
    - React-RCTBlob (= 0.66.3)
    - React-RCTImage (= 0.66.3)
    - React-RCTLinking (= 0.66.3)
    - React-RCTNetwork (= 0.66.3)
    - React-RCTSettings (= 0.66.3)
    - React-RCTText (= 0.66.3)
    - React-RCTVibration (= 0.66.3)
  - React-callinvoker (0.66.3)
  - React-Core (0.66.3):
    - glog
    - RCT-Folly (= 2021.06.28.00-v2)
    - React-Core/Default (= 0.66.3)
    - React-cxxreact (= 0.66.3)
    - React-jsi (= 0.66.3)
    - React-jsiexecutor (= 0.66.3)
    - React-perflogger (= 0.66.3)
    - Yoga
  - React-Core/CoreModulesHeaders (0.66.3):
    - glog
    - RCT-Folly (= 2021.06.28.00-v2)
    - React-Core/Default
    - React-cxxreact (= 0.66.3)
    - React-jsi (= 0.66.3)
    - React-jsiexecutor (= 0.66.3)
    - React-perflogger (= 0.66.3)
    - Yoga
  - React-Core/Default (0.66.3):
    - glog
    - RCT-Folly (= 2021.06.28.00-v2)
    - React-cxxreact (= 0.66.3)
    - React-jsi (= 0.66.3)
    - React-jsiexecutor (= 0.66.3)
    - React-perflogger (= 0.66.3)
    - Yoga
  - React-Core/DevSupport (0.66.3):
    - glog
    - RCT-Folly (= 2021.06.28.00-v2)
    - React-Core/Default (= 0.66.3)
    - React-Core/RCTWebSocket (= 0.66.3)
    - React-cxxreact (= 0.66.3)
    - React-jsi (= 0.66.3)
    - React-jsiexecutor (= 0.66.3)
    - React-jsinspector (= 0.66.3)
    - React-perflogger (= 0.66.3)
    - Yoga
  - React-Core/RCTActionSheetHeaders (0.66.3):
    - glog
    - RCT-Folly (= 2021.06.28.00-v2)
    - React-Core/Default
    - React-cxxreact (= 0.66.3)
    - React-jsi (= 0.66.3)
    - React-jsiexecutor (= 0.66.3)
    - React-perflogger (= 0.66.3)
    - Yoga
  - React-Core/RCTAnimationHeaders (0.66.3):
    - glog
    - RCT-Folly (= 2021.06.28.00-v2)
    - React-Core/Default
    - React-cxxreact (= 0.66.3)
    - React-jsi (= 0.66.3)
    - React-jsiexecutor (= 0.66.3)
    - React-perflogger (= 0.66.3)
    - Yoga
  - React-Core/RCTBlobHeaders (0.66.3):
    - glog
    - RCT-Folly (= 2021.06.28.00-v2)
    - React-Core/Default
    - React-cxxreact (= 0.66.3)
    - React-jsi (= 0.66.3)
    - React-jsiexecutor (= 0.66.3)
    - React-perflogger (= 0.66.3)
    - Yoga
  - React-Core/RCTImageHeaders (0.66.3):
    - glog
    - RCT-Folly (= 2021.06.28.00-v2)
    - React-Core/Default
    - React-cxxreact (= 0.66.3)
    - React-jsi (= 0.66.3)
    - React-jsiexecutor (= 0.66.3)
    - React-perflogger (= 0.66.3)
    - Yoga
  - React-Core/RCTLinkingHeaders (0.66.3):
    - glog
    - RCT-Folly (= 2021.06.28.00-v2)
    - React-Core/Default
    - React-cxxreact (= 0.66.3)
    - React-jsi (= 0.66.3)
    - React-jsiexecutor (= 0.66.3)
    - React-perflogger (= 0.66.3)
    - Yoga
  - React-Core/RCTNetworkHeaders (0.66.3):
    - glog
    - RCT-Folly (= 2021.06.28.00-v2)
    - React-Core/Default
    - React-cxxreact (= 0.66.3)
    - React-jsi (= 0.66.3)
    - React-jsiexecutor (= 0.66.3)
    - React-perflogger (= 0.66.3)
    - Yoga
  - React-Core/RCTSettingsHeaders (0.66.3):
    - glog
    - RCT-Folly (= 2021.06.28.00-v2)
    - React-Core/Default
    - React-cxxreact (= 0.66.3)
    - React-jsi (= 0.66.3)
    - React-jsiexecutor (= 0.66.3)
    - React-perflogger (= 0.66.3)
    - Yoga
  - React-Core/RCTTextHeaders (0.66.3):
    - glog
    - RCT-Folly (= 2021.06.28.00-v2)
    - React-Core/Default
    - React-cxxreact (= 0.66.3)
    - React-jsi (= 0.66.3)
    - React-jsiexecutor (= 0.66.3)
    - React-perflogger (= 0.66.3)
    - Yoga
  - React-Core/RCTVibrationHeaders (0.66.3):
    - glog
    - RCT-Folly (= 2021.06.28.00-v2)
    - React-Core/Default
    - React-cxxreact (= 0.66.3)
    - React-jsi (= 0.66.3)
    - React-jsiexecutor (= 0.66.3)
    - React-perflogger (= 0.66.3)
    - Yoga
  - React-Core/RCTWebSocket (0.66.3):
    - glog
    - RCT-Folly (= 2021.06.28.00-v2)
    - React-Core/Default (= 0.66.3)
    - React-cxxreact (= 0.66.3)
    - React-jsi (= 0.66.3)
    - React-jsiexecutor (= 0.66.3)
    - React-perflogger (= 0.66.3)
    - Yoga
  - React-CoreModules (0.66.3):
    - FBReactNativeSpec (= 0.66.3)
    - RCT-Folly (= 2021.06.28.00-v2)
    - RCTTypeSafety (= 0.66.3)
    - React-Core/CoreModulesHeaders (= 0.66.3)
    - React-jsi (= 0.66.3)
    - React-RCTImage (= 0.66.3)
    - ReactCommon/turbomodule/core (= 0.66.3)
  - React-cxxreact (0.66.3):
    - boost (= 1.76.0)
    - DoubleConversion
    - glog
    - RCT-Folly (= 2021.06.28.00-v2)
    - React-callinvoker (= 0.66.3)
    - React-jsi (= 0.66.3)
    - React-jsinspector (= 0.66.3)
    - React-logger (= 0.66.3)
    - React-perflogger (= 0.66.3)
    - React-runtimeexecutor (= 0.66.3)
  - React-jsi (0.66.3):
    - boost (= 1.76.0)
    - DoubleConversion
    - glog
    - RCT-Folly (= 2021.06.28.00-v2)
    - React-jsi/Default (= 0.66.3)
  - React-jsi/Default (0.66.3):
    - boost (= 1.76.0)
    - DoubleConversion
    - glog
    - RCT-Folly (= 2021.06.28.00-v2)
  - React-jsiexecutor (0.66.3):
    - DoubleConversion
    - glog
    - RCT-Folly (= 2021.06.28.00-v2)
    - React-cxxreact (= 0.66.3)
    - React-jsi (= 0.66.3)
    - React-perflogger (= 0.66.3)
  - React-jsinspector (0.66.3)
  - React-logger (0.66.3):
    - glog
  - react-native-date-picker (4.1.5):
    - React-Core
  - react-native-element-dropdown (1.4.8):
    - React
  - react-native-geolocation-service (5.3.0-beta.4):
    - React
  - react-native-maps (0.30.1):
    - React-Core
  - react-native-safe-area-context (3.3.2):
    - React-Core
  - react-native-splash-screen (3.3.0):
    - React-Core
  - react-native-webview (11.17.0):
    - React-Core
  - React-perflogger (0.66.3)
  - React-RCTActionSheet (0.66.3):
    - React-Core/RCTActionSheetHeaders (= 0.66.3)
  - React-RCTAnimation (0.66.3):
    - FBReactNativeSpec (= 0.66.3)
    - RCT-Folly (= 2021.06.28.00-v2)
    - RCTTypeSafety (= 0.66.3)
    - React-Core/RCTAnimationHeaders (= 0.66.3)
    - React-jsi (= 0.66.3)
    - ReactCommon/turbomodule/core (= 0.66.3)
  - React-RCTBlob (0.66.3):
    - FBReactNativeSpec (= 0.66.3)
    - RCT-Folly (= 2021.06.28.00-v2)
    - React-Core/RCTBlobHeaders (= 0.66.3)
    - React-Core/RCTWebSocket (= 0.66.3)
    - React-jsi (= 0.66.3)
    - React-RCTNetwork (= 0.66.3)
    - ReactCommon/turbomodule/core (= 0.66.3)
  - React-RCTImage (0.66.3):
    - FBReactNativeSpec (= 0.66.3)
    - RCT-Folly (= 2021.06.28.00-v2)
    - RCTTypeSafety (= 0.66.3)
    - React-Core/RCTImageHeaders (= 0.66.3)
    - React-jsi (= 0.66.3)
    - React-RCTNetwork (= 0.66.3)
    - ReactCommon/turbomodule/core (= 0.66.3)
  - React-RCTLinking (0.66.3):
    - FBReactNativeSpec (= 0.66.3)
    - React-Core/RCTLinkingHeaders (= 0.66.3)
    - React-jsi (= 0.66.3)
    - ReactCommon/turbomodule/core (= 0.66.3)
  - React-RCTNetwork (0.66.3):
    - FBReactNativeSpec (= 0.66.3)
    - RCT-Folly (= 2021.06.28.00-v2)
    - RCTTypeSafety (= 0.66.3)
    - React-Core/RCTNetworkHeaders (= 0.66.3)
    - React-jsi (= 0.66.3)
    - ReactCommon/turbomodule/core (= 0.66.3)
  - React-RCTSettings (0.66.3):
    - FBReactNativeSpec (= 0.66.3)
    - RCT-Folly (= 2021.06.28.00-v2)
    - RCTTypeSafety (= 0.66.3)
    - React-Core/RCTSettingsHeaders (= 0.66.3)
    - React-jsi (= 0.66.3)
    - ReactCommon/turbomodule/core (= 0.66.3)
  - React-RCTText (0.66.3):
    - React-Core/RCTTextHeaders (= 0.66.3)
  - React-RCTVibration (0.66.3):
    - FBReactNativeSpec (= 0.66.3)
    - RCT-Folly (= 2021.06.28.00-v2)
    - React-Core/RCTVibrationHeaders (= 0.66.3)
    - React-jsi (= 0.66.3)
    - ReactCommon/turbomodule/core (= 0.66.3)
  - React-runtimeexecutor (0.66.3):
    - React-jsi (= 0.66.3)
  - ReactCommon/turbomodule/core (0.66.3):
    - DoubleConversion
    - glog
    - RCT-Folly (= 2021.06.28.00-v2)
    - React-callinvoker (= 0.66.3)
    - React-Core (= 0.66.3)
    - React-cxxreact (= 0.66.3)
    - React-jsi (= 0.66.3)
    - React-logger (= 0.66.3)
    - React-perflogger (= 0.66.3)
  - RNAppleAuthentication (2.1.5):
    - React-Core
  - RNCAsyncStorage (1.16.1):
    - React-Core
  - RNCPicker (2.2.0):
    - React-Core
  - RNCPushNotificationIOS (1.10.1):
    - React-Core
  - RNDateTimePicker (5.1.0):
    - React-Core
  - RNFastImage (8.5.11):
    - React-Core
    - SDWebImage (~> 5.11.1)
    - SDWebImageWebPCoder (~> 0.8.4)
  - RNFBApp (14.2.3):
    - Firebase/CoreOnly (= 8.11.0)
    - React-Core
  - RNFBDynamicLinks (14.5.0):
    - Firebase/DynamicLinks (= 8.11.0)
    - GoogleUtilities/AppDelegateSwizzler
    - React-Core
    - RNFBApp
  - RNFBMessaging (14.2.3):
    - Firebase/Messaging (= 8.11.0)
    - React-Core
    - RNFBApp
  - RNGestureHandler (1.10.3):
    - React-Core
  - RNGoogleSignin (7.0.3):
    - GoogleSignIn (~> 6.0.0)
    - React-Core
  - RNImageCropPicker (0.37.2):
    - React-Core
    - React-RCTImage
    - RNImageCropPicker/QBImagePickerController (= 0.37.2)
    - TOCropViewController
  - RNImageCropPicker/QBImagePickerController (0.37.2):
    - React-Core
    - React-RCTImage
    - TOCropViewController
  - RNNaverLogin (2.1.3):
    - naveridlogin-sdk-ios (~> 4.1)
    - React
  - RNPermissions (3.2.0):
    - React-Core
  - RNReanimated (2.2.4):
    - DoubleConversion
    - FBLazyVector
    - FBReactNativeSpec
    - glog
    - RCT-Folly
    - RCTRequired
    - RCTTypeSafety
    - React
    - React-callinvoker
    - React-Core
    - React-Core/DevSupport
    - React-Core/RCTWebSocket
    - React-CoreModules
    - React-cxxreact
    - React-jsi
    - React-jsiexecutor
    - React-jsinspector
    - React-RCTActionSheet
    - React-RCTAnimation
    - React-RCTBlob
    - React-RCTImage
    - React-RCTLinking
    - React-RCTNetwork
    - React-RCTSettings
    - React-RCTText
    - React-RCTVibration
    - ReactCommon/turbomodule/core
    - Yoga
  - RNScreens (3.8.0):
    - React-Core
    - React-RCTImage
  - RNSVG (12.1.1):
    - React
  - SDWebImage (5.11.1):
    - SDWebImage/Core (= 5.11.1)
  - SDWebImage/Core (5.11.1)
  - SDWebImageWebPCoder (0.8.4):
    - libwebp (~> 1.0)
    - SDWebImage/Core (~> 5.10)
  - TOCropViewController (2.6.1)
  - Yoga (1.14.0)

DEPENDENCIES:
  - boost (from `../node_modules/react-native/third-party-podspecs/boost.podspec`)
  - BVLinearGradient (from `../node_modules/react-native-linear-gradient`)
  - DoubleConversion (from `../node_modules/react-native/third-party-podspecs/DoubleConversion.podspec`)
  - FBLazyVector (from `../node_modules/react-native/Libraries/FBLazyVector`)
  - FBReactNativeSpec (from `../node_modules/react-native/React/FBReactNativeSpec`)
  - glog (from `../node_modules/react-native/third-party-podspecs/glog.podspec`)
  - iamport-react-native (from `../node_modules/iamport-react-native`)
  - "kakao-login (from `../node_modules/@react-native-seoul/kakao-login`)"
  - Permission-Camera (from `../node_modules/react-native-permissions/ios/Camera`)
  - Permission-LocationAccuracy (from `../node_modules/react-native-permissions/ios/LocationAccuracy`)
  - Permission-LocationAlways (from `../node_modules/react-native-permissions/ios/LocationAlways`)
  - Permission-LocationWhenInUse (from `../node_modules/react-native-permissions/ios/LocationWhenInUse`)
  - Permission-MediaLibrary (from `../node_modules/react-native-permissions/ios/MediaLibrary`)
  - Permission-Notifications (from `../node_modules/react-native-permissions/ios/Notifications`)
  - Permission-PhotoLibrary (from `../node_modules/react-native-permissions/ios/PhotoLibrary`)
  - RCT-Folly (from `../node_modules/react-native/third-party-podspecs/RCT-Folly.podspec`)
  - RCTRequired (from `../node_modules/react-native/Libraries/RCTRequired`)
  - RCTTypeSafety (from `../node_modules/react-native/Libraries/TypeSafety`)
  - React (from `../node_modules/react-native/`)
  - React-callinvoker (from `../node_modules/react-native/ReactCommon/callinvoker`)
  - React-Core (from `../node_modules/react-native/`)
  - React-Core/DevSupport (from `../node_modules/react-native/`)
  - React-Core/RCTWebSocket (from `../node_modules/react-native/`)
  - React-CoreModules (from `../node_modules/react-native/React/CoreModules`)
  - React-cxxreact (from `../node_modules/react-native/ReactCommon/cxxreact`)
  - React-jsi (from `../node_modules/react-native/ReactCommon/jsi`)
  - React-jsiexecutor (from `../node_modules/react-native/ReactCommon/jsiexecutor`)
  - React-jsinspector (from `../node_modules/react-native/ReactCommon/jsinspector`)
  - React-logger (from `../node_modules/react-native/ReactCommon/logger`)
  - react-native-date-picker (from `../node_modules/react-native-date-picker`)
  - react-native-element-dropdown (from `../node_modules/react-native-element-dropdown`)
  - react-native-geolocation-service (from `../node_modules/react-native-geolocation-service`)
  - react-native-maps (from `../node_modules/react-native-maps`)
  - react-native-safe-area-context (from `../node_modules/react-native-safe-area-context`)
  - react-native-splash-screen (from `../node_modules/react-native-splash-screen`)
  - react-native-webview (from `../node_modules/react-native-webview`)
  - React-perflogger (from `../node_modules/react-native/ReactCommon/reactperflogger`)
  - React-RCTActionSheet (from `../node_modules/react-native/Libraries/ActionSheetIOS`)
  - React-RCTAnimation (from `../node_modules/react-native/Libraries/NativeAnimation`)
  - React-RCTBlob (from `../node_modules/react-native/Libraries/Blob`)
  - React-RCTImage (from `../node_modules/react-native/Libraries/Image`)
  - React-RCTLinking (from `../node_modules/react-native/Libraries/LinkingIOS`)
  - React-RCTNetwork (from `../node_modules/react-native/Libraries/Network`)
  - React-RCTSettings (from `../node_modules/react-native/Libraries/Settings`)
  - React-RCTText (from `../node_modules/react-native/Libraries/Text`)
  - React-RCTVibration (from `../node_modules/react-native/Libraries/Vibration`)
  - React-runtimeexecutor (from `../node_modules/react-native/ReactCommon/runtimeexecutor`)
  - ReactCommon/turbomodule/core (from `../node_modules/react-native/ReactCommon`)
  - "RNAppleAuthentication (from `../node_modules/@invertase/react-native-apple-authentication`)"
  - "RNCAsyncStorage (from `../node_modules/@react-native-async-storage/async-storage`)"
  - "RNCPicker (from `../node_modules/@react-native-picker/picker`)"
  - "RNCPushNotificationIOS (from `../node_modules/@react-native-community/push-notification-ios`)"
  - "RNDateTimePicker (from `../node_modules/@react-native-community/datetimepicker`)"
  - RNFastImage (from `../node_modules/react-native-fast-image`)
  - "RNFBApp (from `../node_modules/@react-native-firebase/app`)"
  - "RNFBDynamicLinks (from `../node_modules/@react-native-firebase/dynamic-links`)"
  - "RNFBMessaging (from `../node_modules/@react-native-firebase/messaging`)"
  - RNGestureHandler (from `../node_modules/react-native-gesture-handler`)
  - "RNGoogleSignin (from `../node_modules/@react-native-google-signin/google-signin`)"
  - RNImageCropPicker (from `../node_modules/react-native-image-crop-picker`)
  - "RNNaverLogin (from `../node_modules/@react-native-seoul/naver-login`)"
  - RNPermissions (from `../node_modules/react-native-permissions`)
  - RNReanimated (from `../node_modules/react-native-reanimated`)
  - RNScreens (from `../node_modules/react-native-screens`)
  - RNSVG (from `../node_modules/react-native-svg`)
  - Yoga (from `../node_modules/react-native/ReactCommon/yoga`)

SPEC REPOS:
  trunk:
    - Alamofire
    - AppAuth
    - Firebase
    - FirebaseCore
    - FirebaseCoreDiagnostics
    - FirebaseDynamicLinks
    - FirebaseInstallations
    - FirebaseMessaging
    - fmt
    - GoogleDataTransport
    - GoogleSignIn
    - GoogleUtilities
    - GTMAppAuth
    - GTMSessionFetcher
    - KakaoSDK
    - KakaoSDKAuth
    - KakaoSDKCommon
    - KakaoSDKLink
    - KakaoSDKNavi
    - KakaoSDKStory
    - KakaoSDKTalk
    - KakaoSDKTemplate
    - KakaoSDKUser
    - libwebp
    - nanopb
    - naveridlogin-sdk-ios
    - PromisesObjC
    - SDWebImage
    - SDWebImageWebPCoder
    - TOCropViewController

EXTERNAL SOURCES:
  boost:
    :podspec: "../node_modules/react-native/third-party-podspecs/boost.podspec"
  BVLinearGradient:
    :path: "../node_modules/react-native-linear-gradient"
  DoubleConversion:
    :podspec: "../node_modules/react-native/third-party-podspecs/DoubleConversion.podspec"
  FBLazyVector:
    :path: "../node_modules/react-native/Libraries/FBLazyVector"
  FBReactNativeSpec:
    :path: "../node_modules/react-native/React/FBReactNativeSpec"
  glog:
    :podspec: "../node_modules/react-native/third-party-podspecs/glog.podspec"
  iamport-react-native:
    :path: "../node_modules/iamport-react-native"
  kakao-login:
    :path: "../node_modules/@react-native-seoul/kakao-login"
  Permission-Camera:
    :path: "../node_modules/react-native-permissions/ios/Camera"
  Permission-LocationAccuracy:
    :path: "../node_modules/react-native-permissions/ios/LocationAccuracy"
  Permission-LocationAlways:
    :path: "../node_modules/react-native-permissions/ios/LocationAlways"
  Permission-LocationWhenInUse:
    :path: "../node_modules/react-native-permissions/ios/LocationWhenInUse"
  Permission-MediaLibrary:
    :path: "../node_modules/react-native-permissions/ios/MediaLibrary"
  Permission-Notifications:
    :path: "../node_modules/react-native-permissions/ios/Notifications"
  Permission-PhotoLibrary:
    :path: "../node_modules/react-native-permissions/ios/PhotoLibrary"
  RCT-Folly:
    :podspec: "../node_modules/react-native/third-party-podspecs/RCT-Folly.podspec"
  RCTRequired:
    :path: "../node_modules/react-native/Libraries/RCTRequired"
  RCTTypeSafety:
    :path: "../node_modules/react-native/Libraries/TypeSafety"
  React:
    :path: "../node_modules/react-native/"
  React-callinvoker:
    :path: "../node_modules/react-native/ReactCommon/callinvoker"
  React-Core:
    :path: "../node_modules/react-native/"
  React-CoreModules:
    :path: "../node_modules/react-native/React/CoreModules"
  React-cxxreact:
    :path: "../node_modules/react-native/ReactCommon/cxxreact"
  React-jsi:
    :path: "../node_modules/react-native/ReactCommon/jsi"
  React-jsiexecutor:
    :path: "../node_modules/react-native/ReactCommon/jsiexecutor"
  React-jsinspector:
    :path: "../node_modules/react-native/ReactCommon/jsinspector"
  React-logger:
    :path: "../node_modules/react-native/ReactCommon/logger"
  react-native-date-picker:
    :path: "../node_modules/react-native-date-picker"
  react-native-element-dropdown:
    :path: "../node_modules/react-native-element-dropdown"
  react-native-geolocation-service:
    :path: "../node_modules/react-native-geolocation-service"
  react-native-maps:
    :path: "../node_modules/react-native-maps"
  react-native-safe-area-context:
    :path: "../node_modules/react-native-safe-area-context"
  react-native-splash-screen:
    :path: "../node_modules/react-native-splash-screen"
  react-native-webview:
    :path: "../node_modules/react-native-webview"
  React-perflogger:
    :path: "../node_modules/react-native/ReactCommon/reactperflogger"
  React-RCTActionSheet:
    :path: "../node_modules/react-native/Libraries/ActionSheetIOS"
  React-RCTAnimation:
    :path: "../node_modules/react-native/Libraries/NativeAnimation"
  React-RCTBlob:
    :path: "../node_modules/react-native/Libraries/Blob"
  React-RCTImage:
    :path: "../node_modules/react-native/Libraries/Image"
  React-RCTLinking:
    :path: "../node_modules/react-native/Libraries/LinkingIOS"
  React-RCTNetwork:
    :path: "../node_modules/react-native/Libraries/Network"
  React-RCTSettings:
    :path: "../node_modules/react-native/Libraries/Settings"
  React-RCTText:
    :path: "../node_modules/react-native/Libraries/Text"
  React-RCTVibration:
    :path: "../node_modules/react-native/Libraries/Vibration"
  React-runtimeexecutor:
    :path: "../node_modules/react-native/ReactCommon/runtimeexecutor"
  ReactCommon:
    :path: "../node_modules/react-native/ReactCommon"
  RNAppleAuthentication:
    :path: "../node_modules/@invertase/react-native-apple-authentication"
  RNCAsyncStorage:
    :path: "../node_modules/@react-native-async-storage/async-storage"
  RNCPicker:
    :path: "../node_modules/@react-native-picker/picker"
  RNCPushNotificationIOS:
    :path: "../node_modules/@react-native-community/push-notification-ios"
  RNDateTimePicker:
    :path: "../node_modules/@react-native-community/datetimepicker"
  RNFastImage:
    :path: "../node_modules/react-native-fast-image"
  RNFBApp:
    :path: "../node_modules/@react-native-firebase/app"
  RNFBDynamicLinks:
    :path: "../node_modules/@react-native-firebase/dynamic-links"
  RNFBMessaging:
    :path: "../node_modules/@react-native-firebase/messaging"
  RNGestureHandler:
    :path: "../node_modules/react-native-gesture-handler"
  RNGoogleSignin:
    :path: "../node_modules/@react-native-google-signin/google-signin"
  RNImageCropPicker:
    :path: "../node_modules/react-native-image-crop-picker"
  RNNaverLogin:
    :path: "../node_modules/@react-native-seoul/naver-login"
  RNPermissions:
    :path: "../node_modules/react-native-permissions"
  RNReanimated:
    :path: "../node_modules/react-native-reanimated"
  RNScreens:
    :path: "../node_modules/react-native-screens"
  RNSVG:
    :path: "../node_modules/react-native-svg"
  Yoga:
    :path: "../node_modules/react-native/ReactCommon/yoga"

SPEC CHECKSUMS:
  Alamofire: 1c4fb5369c3fe93d2857c780d8bbe09f06f97e7c
  AppAuth: 31bcec809a638d7bd2f86ea8a52bd45f6e81e7c7
  boost: a7c83b31436843459a1961bfd74b96033dc77234
  BVLinearGradient: e3aad03778a456d77928f594a649e96995f1c872
  DoubleConversion: 831926d9b8bf8166fd87886c4abab286c2422662
  FBLazyVector: de148e8310b8b878db304ceea2fec13f2c02e3a0
  FBReactNativeSpec: 6192956c9e346013d5f1809ba049af720b11c6a4
  Firebase: 44dd9724c84df18b486639e874f31436eaa9a20c
  FirebaseCore: 2f4f85b453cc8fea4bb2b37e370007d2bcafe3f0
  FirebaseCoreDiagnostics: 3b40dfadef5b90433a60ae01f01e90fe87aa76aa
  FirebaseDynamicLinks: f506c83eb7eba0f9861f84cd6b65c38b3bd5ff6f
  FirebaseInstallations: 25764cf322e77f99449395870a65b2bef88e1545
  FirebaseMessaging: 02e248e8997f71fa8cc9d78e9d49ec1a701ba14a
  fmt: ff9d55029c625d3757ed641535fd4a75fedc7ce9
  glog: 5337263514dd6f09803962437687240c5dc39aa4
  GoogleDataTransport: 629c20a4d363167143f30ea78320d5a7eb8bd940
  GoogleSignIn: fd381840dbe7c1137aa6dc30849a5c3e070c034a
  GoogleUtilities: e0913149f6b0625b553d70dae12b49fc62914fd1
  GTMAppAuth: ad5c2b70b9a8689e1a04033c9369c4915bfcbe89
  GTMSessionFetcher: 43748f93435c2aa068b1cbe39655aaf600652e91
  iamport-react-native: 02b4b21ad3d27ce6ecbd714b86d7b7c9198cd72d
  kakao-login: c3a28605d3d2576625781c7643d5e3350e02e719
  KakaoSDK: 1e80d6877c0eac6a310f93c73fb15ca56c05f2bd
  KakaoSDKAuth: fcba1c9ede431683f5bdd84c835a96981cb115a5
  KakaoSDKCommon: 0912aa0c7db051ae8dc07a35395cf644f7728f95
  KakaoSDKLink: fe6f2ca19092836f8af2a9d7fabe60fd67740104
  KakaoSDKNavi: c138bce799ebdac6811b56453de5326e49ca5925
  KakaoSDKStory: cb33db9a04c7c44746b3662991234f52ab61961a
  KakaoSDKTalk: 749828662e4ac7a9f17bb1664b58526da289d18c
  KakaoSDKTemplate: 8bb288765bfc0195631da809b2d707f09495acdf
  KakaoSDKUser: 11955811d99d1ff1f1dfd5428afe69937e31ccef
  libwebp: 98a37e597e40bfdb4c911fc98f2c53d0b12d05fc
  nanopb: a0ba3315591a9ae0a16a309ee504766e90db0c96
  naveridlogin-sdk-ios: b9d7c20677981177ed994ecb1c8c2b49f223277d
  Permission-Camera: 53efcbb755b0e8bdf253dbb27cc7559ccfce8480
  Permission-LocationAccuracy: c13bf629b614be250031458cf81d6a2e9dcdf64f
  Permission-LocationAlways: 012fd2c1f610068c5f9a7b48bc908ea41edd0c43
  Permission-LocationWhenInUse: 13de9a01e006cb53a6ac3c9f8d1ab6cc98318d9c
  Permission-MediaLibrary: d35adbe2a069f2e16121fd79cf15959e86a3f74a
  Permission-Notifications: bb420c3d28328df24de1b476b41ed8249ccf2537
  Permission-PhotoLibrary: 7bec836dcdd04a0bfb200c314f1aae06d4476357
  PromisesObjC: 68159ce6952d93e17b2dfe273b8c40907db5ba58
  RCT-Folly: a21c126816d8025b547704b777a2ba552f3d9fa9
  RCTRequired: 59d2b744d8c2bf2d9bc7032a9f654809adcf7d50
  RCTTypeSafety: d0aaf7ccae5c70a4aaa3a5c3e9e0db97efae760e
  React: fbe655dd1d12c052299b61abdc576720098d80fc
  React-callinvoker: a535746608d9bc8b1dea7095ed4d8d3d7aae9a05
  React-Core: 008d2638c4f80b189c8e170ff2d241027ec517fd
  React-CoreModules: 91c9a03f4e1b74494c087d9c9a29e89a3145c228
  React-cxxreact: 9c462fb6d59f865855e2dee2097c7d87b3d2de49
  React-jsi: 4de8b8d70ba4ed841eb9b772bdb719f176387e21
  React-jsiexecutor: 433a691aee158533a6a6ee9c86cb4a1684fa2853
  React-jsinspector: d9c8eb0b53f0da206fed56612b289fec84991157
  React-logger: e522e76fa3e9ec3e7d7115b49485cc065cf4ae06
  react-native-date-picker: 93603f8a1c171fb8988cf472eff6f2d76652500f
  react-native-element-dropdown: 056eb0afa7e1988469c239ae734ea4ecc7d558ad
  react-native-geolocation-service: c0efb872258ed9240f1003a70fca9e9757e5c785
  react-native-maps: d752b0dd0e1951d815b1336332835aab6b4a836f
  react-native-safe-area-context: 584dc04881deb49474363f3be89e4ca0e854c057
  react-native-splash-screen: 4312f786b13a81b5169ef346d76d33bc0c6dc457
  react-native-webview: 10996be8bcc5e37a30dbc139fc544bb651dc8612
  React-perflogger: 73732888d37d4f5065198727b167846743232882
  React-RCTActionSheet: 96c6d774fa89b1f7c59fc460adc3245ba2d7fd79
  React-RCTAnimation: 8940cfd3a8640bd6f6372150dbdb83a79bcbae6c
  React-RCTBlob: e80de5fdf952a4f226a00fc54f3db526809f92f7
  React-RCTImage: f990d6b272c7e89ff864caf0bccfb620ab3ca5d0
  React-RCTLinking: 2280ed0d5ffb78954b484b90228d597b5f941c5f
  React-RCTNetwork: 1359fa853c216616e711b810dcb8682a6a8e7564
  React-RCTSettings: 84958860aaa3639f0249e751ea7702c62eb67188
  React-RCTText: 196cf06b8cb6229d8c6dd9fc9057bdf97db5d3fb
  React-RCTVibration: 50cfe7049167cfc7e83ac5542c6fff0c76791a9b
  React-runtimeexecutor: bbbdb3d8fcf327c6e2249ee71b6ef1764b7dc266
  ReactCommon: 9bac022ab71596f2b0fde1268272543184c63971
  RNAppleAuthentication: 63c2127ace11985b94f852fc480eb84145653712
  RNCAsyncStorage: b49b4e38a1548d03b74b30e558a1d18465b94be7
  RNCPicker: 2568e0d0b4644dd9d5f2cec9eca197f5f3f5acb3
  RNCPushNotificationIOS: 87b8d16d3ede4532745e05b03c42cff33a36cc45
  RNDateTimePicker: 1dd15d7ed1ab7d999056bc77879a42920d139c12
  RNFastImage: 1f2cab428712a4baaf78d6169eaec7f622556dd7
  RNFBApp: 0d0ffe0e3aacdf9fcad35f90b79bd8a3d3a99844
  RNFBDynamicLinks: fcc300c9556485eaf20abfa25a4c02b16d2c0cba
  RNFBMessaging: 2a9dffb32f76274f86123644c62902e9ddc2a9ec
  RNGestureHandler: a479ebd5ed4221a810967000735517df0d2db211
  RNGoogleSignin: aa9bb821ffb396bc64b4b6befc60bf41e6ae625f
  RNImageCropPicker: 448d3c6e923fde3466b49caf3c2457c2a0ba02dd
  RNNaverLogin: 41f3c2dba742f0828d775b170b427ac7ebb40660
  RNPermissions: f7ebe52db07c00901127966ca080b4ec6a6ceb0a
  RNReanimated: 65583befd5706cc9c86ae9a081786181ced37b93
  RNScreens: 6e1ea5787989f92b0671049b808aef64fa1ef98c
  RNSVG: 551acb6562324b1d52a4e0758f7ca0ec234e278f
  SDWebImage: a7f831e1a65eb5e285e3fb046a23fcfbf08e696d
  SDWebImageWebPCoder: f93010f3f6c031e2f8fb3081ca4ee6966c539815
  TOCropViewController: edfd4f25713d56905ad1e0b9f5be3fbe0f59c863
  Yoga: 32a18c0e845e185f4a2a66ec76e1fd1f958f22fa

PODFILE CHECKSUM: ee392308710d9ee4b756c78baf9b16f99fe0c8cc

COCOAPODS: 1.11.2
